// !$*UTF8*$!
{
	archiveVersion = 1;
	classes = {
	};
	objectVersion = 50;
	objects = {

/* Begin PBXBuildFile section */
		EAD5CFA621AAD3E70011324D /* AppDelegate.swift in Sources */ = {isa = PBXBuildFile; fileRef = EAD5CFA521AAD3E70011324D /* AppDelegate.swift */; };
		EAD5CFA821AAD3E70011324D /* ViewController.swift in Sources */ = {isa = PBXBuildFile; fileRef = EAD5CFA721AAD3E70011324D /* ViewController.swift */; };
		EAD5CFAB21AAD3E70011324D /* Main.storyboard in Resources */ = {isa = PBXBuildFile; fileRef = EAD5CFA921AAD3E70011324D /* Main.storyboard */; };
		EAD5CFAD21AAD3EA0011324D /* Assets.xcassets in Resources */ = {isa = PBXBuildFile; fileRef = EAD5CFAC21AAD3EA0011324D /* Assets.xcassets */; };
		EAD5CFB021AAD3EA0011324D /* LaunchScreen.storyboard in Resources */ = {isa = PBXBuildFile; fileRef = EAD5CFAE21AAD3EA0011324D /* LaunchScreen.storyboard */; };
		EAD5CFBB21AAD3EA0011324D /* OctoSearchTests.swift in Sources */ = {isa = PBXBuildFile; fileRef = EAD5CFBA21AAD3EA0011324D /* OctoSearchTests.swift */; };
/* End PBXBuildFile section */

/* Begin PBXContainerItemProxy section */
		EAD5CFB721AAD3EA0011324D /* PBXContainerItemProxy */ = {
			isa = PBXContainerItemProxy;
			containerPortal = EAD5CF9A21AAD3E70011324D /* Project object */;
			proxyType = 1;
			remoteGlobalIDString = EAD5CFA121AAD3E70011324D;
			remoteInfo = OctoSearch;
		};
/* End PBXContainerItemProxy section */

/* Begin PBXFileReference section */
		EAD5CFA221AAD3E70011324D /* OctoSearch.app */ = {isa = PBXFileReference; explicitFileType = wrapper.application; includeInIndex = 0; path = OctoSearch.app; sourceTree = BUILT_PRODUCTS_DIR; };
		EAD5CFA521AAD3E70011324D /* AppDelegate.swift */ = {isa = PBXFileReference; lastKnownFileType = sourcecode.swift; path = AppDelegate.swift; sourceTree = "<group>"; };
		EAD5CFA721AAD3E70011324D /* ViewController.swift */ = {isa = PBXFileReference; lastKnownFileType = sourcecode.swift; path = ViewController.swift; sourceTree = "<group>"; };
		EAD5CFAA21AAD3E70011324D /* Base */ = {isa = PBXFileReference; lastKnownFileType = file.storyboard; name = Base; path = Base.lproj/Main.storyboard; sourceTree = "<group>"; };
		EAD5CFAC21AAD3EA0011324D /* Assets.xcassets */ = {isa = PBXFileReference; lastKnownFileType = folder.assetcatalog; path = Assets.xcassets; sourceTree = "<group>"; };
		EAD5CFAF21AAD3EA0011324D /* Base */ = {isa = PBXFileReference; lastKnownFileType = file.storyboard; name = Base; path = Base.lproj/LaunchScreen.storyboard; sourceTree = "<group>"; };
		EAD5CFB121AAD3EA0011324D /* Info.plist */ = {isa = PBXFileReference; lastKnownFileType = text.plist.xml; path = Info.plist; sourceTree = "<group>"; };
		EAD5CFB621AAD3EA0011324D /* OctoSearchTests.xctest */ = {isa = PBXFileReference; explicitFileType = wrapper.cfbundle; includeInIndex = 0; path = OctoSearchTests.xctest; sourceTree = BUILT_PRODUCTS_DIR; };
		EAD5CFBA21AAD3EA0011324D /* OctoSearchTests.swift */ = {isa = PBXFileReference; lastKnownFileType = sourcecode.swift; path = OctoSearchTests.swift; sourceTree = "<group>"; };
		EAD5CFBC21AAD3EA0011324D /* Info.plist */ = {isa = PBXFileReference; lastKnownFileType = text.plist.xml; path = Info.plist; sourceTree = "<group>"; };
/* End PBXFileReference section */

/* Begin PBXFrameworksBuildPhase section */
		EAD5CF9F21AAD3E70011324D /* Frameworks */ = {
			isa = PBXFrameworksBuildPhase;
			buildActionMask = 2147483647;
			files = (
			);
			runOnlyForDeploymentPostprocessing = 0;
		};
		EAD5CFB321AAD3EA0011324D /* Frameworks */ = {
			isa = PBXFrameworksBuildPhase;
			buildActionMask = 2147483647;
			files = (
			);
			runOnlyForDeploymentPostprocessing = 0;
		};
/* End PBXFrameworksBuildPhase section */

/* Begin PBXGroup section */
		EAD5CF9921AAD3E70011324D = {
			isa = PBXGroup;
			children = (
				EAD5CFA421AAD3E70011324D /* OctoSearch */,
				EAD5CFB921AAD3EA0011324D /* OctoSearchTests */,
				EAD5CFA321AAD3E70011324D /* Products */,
			);
			sourceTree = "<group>";
		};
		EAD5CFA321AAD3E70011324D /* Products */ = {
			isa = PBXGroup;
			children = (
				EAD5CFA221AAD3E70011324D /* OctoSearch.app */,
				EAD5CFB621AAD3EA0011324D /* OctoSearchTests.xctest */,
			);
			name = Products;
			sourceTree = "<group>";
		};
		EAD5CFA421AAD3E70011324D /* OctoSearch */ = {
			isa = PBXGroup;
			children = (
				EAD5CFA521AAD3E70011324D /* AppDelegate.swift */,
				EAD5CFA721AAD3E70011324D /* ViewController.swift */,
				EAD5CFA921AAD3E70011324D /* Main.storyboard */,
				EAD5CFAC21AAD3EA0011324D /* Assets.xcassets */,
				EAD5CFAE21AAD3EA0011324D /* LaunchScreen.storyboard */,
				EAD5CFB121AAD3EA0011324D /* Info.plist */,
			);
			path = OctoSearch;
			sourceTree = "<group>";
		};
		EAD5CFB921AAD3EA0011324D /* OctoSearchTests */ = {
			isa = PBXGroup;
			children = (
				EAD5CFBA21AAD3EA0011324D /* OctoSearchTests.swift */,
				EAD5CFBC21AAD3EA0011324D /* Info.plist */,
			);
			path = OctoSearchTests;
			sourceTree = "<group>";
		};
/* End PBXGroup section */

/* Begin PBXNativeTarget section */
		EAD5CFA121AAD3E70011324D /* OctoSearch */ = {
			isa = PBXNativeTarget;
			buildConfigurationList = EAD5CFBF21AAD3EA0011324D /* Build configuration list for PBXNativeTarget "OctoSearch" */;
			buildPhases = (
				EAD5CF9E21AAD3E70011324D /* Sources */,
				EAD5CF9F21AAD3E70011324D /* Frameworks */,
				EAD5CFA021AAD3E70011324D /* Resources */,
			);
			buildRules = (
			);
			dependencies = (
			);
			name = OctoSearch;
			productName = OctoSearch;
			productReference = EAD5CFA221AAD3E70011324D /* OctoSearch.app */;
			productType = "com.apple.product-type.application";
		};
		EAD5CFB521AAD3EA0011324D /* OctoSearchTests */ = {
			isa = PBXNativeTarget;
			buildConfigurationList = EAD5CFC221AAD3EA0011324D /* Build configuration list for PBXNativeTarget "OctoSearchTests" */;
			buildPhases = (
				EAD5CFB221AAD3EA0011324D /* Sources */,
				EAD5CFB321AAD3EA0011324D /* Frameworks */,
				EAD5CFB421AAD3EA0011324D /* Resources */,
			);
			buildRules = (
			);
			dependencies = (
				EAD5CFB821AAD3EA0011324D /* PBXTargetDependency */,
			);
			name = OctoSearchTests;
			productName = OctoSearchTests;
			productReference = EAD5CFB621AAD3EA0011324D /* OctoSearchTests.xctest */;
			productType = "com.apple.product-type.bundle.unit-test";
		};
/* End PBXNativeTarget section */

/* Begin PBXProject section */
		EAD5CF9A21AAD3E70011324D /* Project object */ = {
			isa = PBXProject;
			attributes = {
				LastSwiftUpdateCheck = 1010;
				LastUpgradeCheck = 1010;
				ORGANIZATIONNAME = "BAN Jun";
				TargetAttributes = {
					EAD5CFA121AAD3E70011324D = {
						CreatedOnToolsVersion = 10.1;
					};
					EAD5CFB521AAD3EA0011324D = {
						CreatedOnToolsVersion = 10.1;
						TestTargetID = EAD5CFA121AAD3E70011324D;
					};
				};
			};
			buildConfigurationList = EAD5CF9D21AAD3E70011324D /* Build configuration list for PBXProject "OctoSearch" */;
			compatibilityVersion = "Xcode 9.3";
			developmentRegion = en;
			hasScannedForEncodings = 0;
			knownRegions = (
				en,
				Base,
			);
			mainGroup = EAD5CF9921AAD3E70011324D;
			productRefGroup = EAD5CFA321AAD3E70011324D /* Products */;
			projectDirPath = "";
			projectRoot = "";
			targets = (
				EAD5CFA121AAD3E70011324D /* OctoSearch */,
				EAD5CFB521AAD3EA0011324D /* OctoSearchTests */,
			);
		};
/* End PBXProject section */

/* Begin PBXResourcesBuildPhase section */
		EAD5CFA021AAD3E70011324D /* Resources */ = {
			isa = PBXResourcesBuildPhase;
			buildActionMask = 2147483647;
			files = (
				EAD5CFB021AAD3EA0011324D /* LaunchScreen.storyboard in Resources */,
				EAD5CFAD21AAD3EA0011324D /* Assets.xcassets in Resources */,
				EAD5CFAB21AAD3E70011324D /* Main.storyboard in Resources */,
			);
			runOnlyForDeploymentPostprocessing = 0;
		};
		EAD5CFB421AAD3EA0011324D /* Resources */ = {
			isa = PBXResourcesBuildPhase;
			buildActionMask = 2147483647;
			files = (
			);
			runOnlyForDeploymentPostprocessing = 0;
		};
/* End PBXResourcesBuildPhase section */

/* Begin PBXSourcesBuildPhase section */
		EAD5CF9E21AAD3E70011324D /* Sources */ = {
			isa = PBXSourcesBuildPhase;
			buildActionMask = 2147483647;
			files = (
				EAD5CFA821AAD3E70011324D /* ViewController.swift in Sources */,
				EAD5CFA621AAD3E70011324D /* AppDelegate.swift in Sources */,
			);
			runOnlyForDeploymentPostprocessing = 0;
		};
		EAD5CFB221AAD3EA0011324D /* Sources */ = {
			isa = PBXSourcesBuildPhase;
			buildActionMask = 2147483647;
			files = (
				EAD5CFBB21AAD3EA0011324D /* OctoSearchTests.swift in Sources */,
			);
			runOnlyForDeploymentPostprocessing = 0;
		};
/* End PBXSourcesBuildPhase section */

/* Begin PBXTargetDependency section */
		EAD5CFB821AAD3EA0011324D /* PBXTargetDependency */ = {
			isa = PBXTargetDependency;
			target = EAD5CFA121AAD3E70011324D /* OctoSearch */;
			targetProxy = EAD5CFB721AAD3EA0011324D /* PBXContainerItemProxy */;
		};
/* End PBXTargetDependency section */

/* Begin PBXVariantGroup section */
		EAD5CFA921AAD3E70011324D /* Main.storyboard */ = {
			isa = PBXVariantGroup;
			children = (
				EAD5CFAA21AAD3E70011324D /* Base */,
			);
			name = Main.storyboard;
			sourceTree = "<group>";
		};
		EAD5CFAE21AAD3EA0011324D /* LaunchScreen.storyboard */ = {
			isa = PBXVariantGroup;
			children = (
				EAD5CFAF21AAD3EA0011324D /* Base */,
			);
			name = LaunchScreen.storyboard;
			sourceTree = "<group>";
		};
/* End PBXVariantGroup section */

/* Begin XCBuildConfiguration section */
		EAD5CFBD21AAD3EA0011324D /* Debug */ = {
			isa = XCBuildConfiguration;
			buildSettings = {
				ALWAYS_SEARCH_USER_PATHS = NO;
				CLANG_ANALYZER_NONNULL = YES;
				CLANG_ANALYZER_NUMBER_OBJECT_CONVERSION = YES_AGGRESSIVE;
				CLANG_CXX_LANGUAGE_STANDARD = "gnu++14";
				CLANG_CXX_LIBRARY = "libc++";
				CLANG_ENABLE_MODULES = YES;
				CLANG_ENABLE_OBJC_ARC = YES;
				CLANG_ENABLE_OBJC_WEAK = YES;
				CLANG_WARN_BLOCK_CAPTURE_AUTORELEASING = YES;
				CLANG_WARN_BOOL_CONVERSION = YES;
				CLANG_WARN_COMMA = YES;
				CLANG_WARN_CONSTANT_CONVERSION = YES;
				CLANG_WARN_DEPRECATED_OBJC_IMPLEMENTATIONS = YES;
				CLANG_WARN_DIRECT_OBJC_ISA_USAGE = YES_ERROR;
				CLANG_WARN_DOCUMENTATION_COMMENTS = YES;
				CLANG_WARN_EMPTY_BODY = YES;
				CLANG_WARN_ENUM_CONVERSION = YES;
				CLANG_WARN_INFINITE_RECURSION = YES;
				CLANG_WARN_INT_CONVERSION = YES;
				CLANG_WARN_NON_LITERAL_NULL_CONVERSION = YES;
				CLANG_WARN_OBJC_IMPLICIT_RETAIN_SELF = YES;
				CLANG_WARN_OBJC_LITERAL_CONVERSION = YES;
				CLANG_WARN_OBJC_ROOT_CLASS = YES_ERROR;
				CLANG_WARN_RANGE_LOOP_ANALYSIS = YES;
				CLANG_WARN_STRICT_PROTOTYPES = YES;
				CLANG_WARN_SUSPICIOUS_MOVE = YES;
				CLANG_WARN_UNGUARDED_AVAILABILITY = YES_AGGRESSIVE;
				CLANG_WARN_UNREACHABLE_CODE = YES;
				CLANG_WARN__DUPLICATE_METHOD_MATCH = YES;
				CODE_SIGN_IDENTITY = "iPhone Developer";
				COPY_PHASE_STRIP = NO;
				DEBUG_INFORMATION_FORMAT = dwarf;
				ENABLE_STRICT_OBJC_MSGSEND = YES;
				ENABLE_TESTABILITY = YES;
				GCC_C_LANGUAGE_STANDARD = gnu11;
				GCC_DYNAMIC_NO_PIC = NO;
				GCC_NO_COMMON_BLOCKS = YES;
				GCC_OPTIMIZATION_LEVEL = 0;
				GCC_PREPROCESSOR_DEFINITIONS = (
					"DEBUG=1",
					"$(inherited)",
				);
				GCC_WARN_64_TO_32_BIT_CONVERSION = YES;
				GCC_WARN_ABOUT_RETURN_TYPE = YES_ERROR;
				GCC_WARN_UNDECLARED_SELECTOR = YES;
				GCC_WARN_UNINITIALIZED_AUTOS = YES_AGGRESSIVE;
				GCC_WARN_UNUSED_FUNCTION = YES;
				GCC_WARN_UNUSED_VARIABLE = YES;
				IPHONEOS_DEPLOYMENT_TARGET = 12.1;
				MTL_ENABLE_DEBUG_INFO = INCLUDE_SOURCE;
				MTL_FAST_MATH = YES;
				ONLY_ACTIVE_ARCH = YES;
				SDKROOT = iphoneos;
				SWIFT_ACTIVE_COMPILATION_CONDITIONS = DEBUG;
				SWIFT_OPTIMIZATION_LEVEL = "-Onone";
			};
			name = Debug;
		};
		EAD5CFBE21AAD3EA0011324D /* Release */ = {
			isa = XCBuildConfiguration;
			buildSettings = {
				ALWAYS_SEARCH_USER_PATHS = NO;
				CLANG_ANALYZER_NONNULL = YES;
				CLANG_ANALYZER_NUMBER_OBJECT_CONVERSION = YES_AGGRESSIVE;
				CLANG_CXX_LANGUAGE_STANDARD = "gnu++14";
				CLANG_CXX_LIBRARY = "libc++";
				CLANG_ENABLE_MODULES = YES;
				CLANG_ENABLE_OBJC_ARC = YES;
				CLANG_ENABLE_OBJC_WEAK = YES;
				CLANG_WARN_BLOCK_CAPTURE_AUTORELEASING = YES;
				CLANG_WARN_BOOL_CONVERSION = YES;
				CLANG_WARN_COMMA = YES;
				CLANG_WARN_CONSTANT_CONVERSION = YES;
				CLANG_WARN_DEPRECATED_OBJC_IMPLEMENTATIONS = YES;
				CLANG_WARN_DIRECT_OBJC_ISA_USAGE = YES_ERROR;
				CLANG_WARN_DOCUMENTATION_COMMENTS = YES;
				CLANG_WARN_EMPTY_BODY = YES;
				CLANG_WARN_ENUM_CONVERSION = YES;
				CLANG_WARN_INFINITE_RECURSION = YES;
				CLANG_WARN_INT_CONVERSION = YES;
				CLANG_WARN_NON_LITERAL_NULL_CONVERSION = YES;
				CLANG_WARN_OBJC_IMPLICIT_RETAIN_SELF = YES;
				CLANG_WARN_OBJC_LITERAL_CONVERSION = YES;
				CLANG_WARN_OBJC_ROOT_CLASS = YES_ERROR;
				CLANG_WARN_RANGE_LOOP_ANALYSIS = YES;
				CLANG_WARN_STRICT_PROTOTYPES = YES;
				CLANG_WARN_SUSPICIOUS_MOVE = YES;
				CLANG_WARN_UNGUARDED_AVAILABILITY = YES_AGGRESSIVE;
				CLANG_WARN_UNREACHABLE_CODE = YES;
				CLANG_WARN__DUPLICATE_METHOD_MATCH = YES;
				CODE_SIGN_IDENTITY = "iPhone Developer";
				COPY_PHASE_STRIP = NO;
				DEBUG_INFORMATION_FORMAT = "dwarf-with-dsym";
				ENABLE_NS_ASSERTIONS = NO;
				ENABLE_STRICT_OBJC_MSGSEND = YES;
				GCC_C_LANGUAGE_STANDARD = gnu11;
				GCC_NO_COMMON_BLOCKS = YES;
				GCC_WARN_64_TO_32_BIT_CONVERSION = YES;
				GCC_WARN_ABOUT_RETURN_TYPE = YES_ERROR;
				GCC_WARN_UNDECLARED_SELECTOR = YES;
				GCC_WARN_UNINITIALIZED_AUTOS = YES_AGGRESSIVE;
				GCC_WARN_UNUSED_FUNCTION = YES;
				GCC_WARN_UNUSED_VARIABLE = YES;
				IPHONEOS_DEPLOYMENT_TARGET = 12.1;
				MTL_ENABLE_DEBUG_INFO = NO;
				MTL_FAST_MATH = YES;
				SDKROOT = iphoneos;
				SWIFT_COMPILATION_MODE = wholemodule;
				SWIFT_OPTIMIZATION_LEVEL = "-O";
				VALIDATE_PRODUCT = YES;
			};
			name = Release;
		};
		EAD5CFC021AAD3EA0011324D /* Debug */ = {
			isa = XCBuildConfiguration;
			buildSettings = {
				ASSETCATALOG_COMPILER_APPICON_NAME = AppIcon;
				CODE_SIGN_STYLE = Automatic;
				DEVELOPMENT_TEAM = FPZK4WRGW7;
				INFOPLIST_FILE = OctoSearch/Info.plist;
				LD_RUNPATH_SEARCH_PATHS = (
					"$(inherited)",
					"@executable_path/Frameworks",
				);
				PRODUCT_BUNDLE_IDENTIFIER = jp.banjun.exp.OctoSearch;
				PRODUCT_NAME = "$(TARGET_NAME)";
				SWIFT_VERSION = 4.2;
				TARGETED_DEVICE_FAMILY = "1,2";
			};
			name = Debug;
		};
		EAD5CFC121AAD3EA0011324D /* Release */ = {
			isa = XCBuildConfiguration;
			buildSettings = {
				ASSETCATALOG_COMPILER_APPICON_NAME = AppIcon;
				CODE_SIGN_STYLE = Automatic;
				DEVELOPMENT_TEAM = FPZK4WRGW7;
				INFOPLIST_FILE = OctoSearch/Info.plist;
				LD_RUNPATH_SEARCH_PATHS = (
					"$(inherited)",
					"@executable_path/Frameworks",
				);
				PRODUCT_BUNDLE_IDENTIFIER = jp.banjun.exp.OctoSearch;
				PRODUCT_NAME = "$(TARGET_NAME)";
				SWIFT_VERSION = 4.2;
				TARGETED_DEVICE_FAMILY = "1,2";
			};
			name = Release;
		};
		EAD5CFC321AAD3EA0011324D /* Debug */ = {
			isa = XCBuildConfiguration;
			buildSettings = {
				ALWAYS_EMBED_SWIFT_STANDARD_LIBRARIES = YES;
				BUNDLE_LOADER = "$(TEST_HOST)";
				CODE_SIGN_STYLE = Automatic;
				DEVELOPMENT_TEAM = FPZK4WRGW7;
				INFOPLIST_FILE = OctoSearchTests/Info.plist;
				LD_RUNPATH_SEARCH_PATHS = (
					"$(inherited)",
					"@executable_path/Frameworks",
					"@loader_path/Frameworks",
				);
				PRODUCT_BUNDLE_IDENTIFIER = jp.banjun.exp.OctoSearchTests;
				PRODUCT_NAME = "$(TARGET_NAME)";
				SWIFT_VERSION = 4.2;
				TARGETED_DEVICE_FAMILY = "1,2";
				TEST_HOST = "$(BUILT_PRODUCTS_DIR)/OctoSearch.app/OctoSearch";
			};
			name = Debug;
		};
		EAD5CFC421AAD3EA0011324D /* Release */ = {
			isa = XCBuildConfiguration;
			buildSettings = {
				ALWAYS_EMBED_SWIFT_STANDARD_LIBRARIES = YES;
				BUNDLE_LOADER = "$(TEST_HOST)";
				CODE_SIGN_STYLE = Automatic;
				DEVELOPMENT_TEAM = FPZK4WRGW7;
				INFOPLIST_FILE = OctoSearchTests/Info.plist;
				LD_RUNPATH_SEARCH_PATHS = (
					"$(inherited)",
					"@executable_path/Frameworks",
					"@loader_path/Frameworks",
				);
				PRODUCT_BUNDLE_IDENTIFIER = jp.banjun.exp.OctoSearchTests;
				PRODUCT_NAME = "$(TARGET_NAME)";
				SWIFT_VERSION = 4.2;
				TARGETED_DEVICE_FAMILY = "1,2";
				TEST_HOST = "$(BUILT_PRODUCTS_DIR)/OctoSearch.app/OctoSearch";
			};
			name = Release;
		};
/* End XCBuildConfiguration section */

/* Begin XCConfigurationList section */
		EAD5CF9D21AAD3E70011324D /* Build configuration list for PBXProject "OctoSearch" */ = {
			isa = XCConfigurationList;
			buildConfigurations = (
				EAD5CFBD21AAD3EA0011324D /* Debug */,
				EAD5CFBE21AAD3EA0011324D /* Release */,
			);
			defaultConfigurationIsVisible = 0;
			defaultConfigurationName = Release;
		};
		EAD5CFBF21AAD3EA0011324D /* Build configuration list for PBXNativeTarget "OctoSearch" */ = {
			isa = XCConfigurationList;
			buildConfigurations = (
				EAD5CFC021AAD3EA0011324D /* Debug */,
				EAD5CFC121AAD3EA0011324D /* Release */,
			);
			defaultConfigurationIsVisible = 0;
			defaultConfigurationName = Release;
		};
		EAD5CFC221AAD3EA0011324D /* Build configuration list for PBXNativeTarget "OctoSearchTests" */ = {
			isa = XCConfigurationList;
			buildConfigurations = (
				EAD5CFC321AAD3EA0011324D /* Debug */,
				EAD5CFC421AAD3EA0011324D /* Release */,
			);
			defaultConfigurationIsVisible = 0;
			defaultConfigurationName = Release;
		};
/* End XCConfigurationList section */
	};
	rootObject = EAD5CF9A21AAD3E70011324D /* Project object */;
}
